
Microsoft Visual Studio Solution File, Format Version 12.00
# Visual Studio Version 17
VisualStudioVersion = 17.14.36109.1 d17.14
MinimumVisualStudioVersion = 10.0.40219.1
Project("{FAE04EC0-301F-11D3-BF4B-00C04F79EFBC}") = "PNT1-TP-Cine", "PNT1-TP-Cine.csproj", "{0FDB74B3-C5EA-4C4D-9F5D-1E1C34B7C2B8}"
EndProject
Project("{2150E333-8FDC-42A3-9474-1A3956D46DE8}") = "Solution Items", "Solution Items", "{8EC462FD-D22E-90A8-E5CE-7E832BA40C5D}"
	ProjectSection(SolutionItems) = preProject
		.gitignore = .gitignore
	EndProjectSection
EndProject
Global
	GlobalSection(SolutionConfigurationPlatforms) = preSolution
		Debug|Any CPU = Debug|Any CPU
		Release|Any CPU = Release|Any CPU
	EndGlobalSection
	GlobalSection(ProjectConfigurationPlatforms) = postSolution
		{0FDB74B3-C5EA-4C4D-9F5D-1E1C34B7C2B8}.Debug|Any CPU.ActiveCfg = Debug|Any CPU
		{0FDB74B3-C5EA-4C4D-9F5D-1E1C34B7C2B8}.Debug|Any CPU.Build.0 = Debug|Any CPU
		{0FDB74B3-C5EA-4C4D-9F5D-1E1C34B7C2B8}.Release|Any CPU.ActiveCfg = Release|Any CPU
		{0FDB74B3-C5EA-4C4D-9F5D-1E1C34B7C2B8}.Release|Any CPU.Build.0 = Release|Any CPU
	EndGlobalSection
	GlobalSection(SolutionProperties) = preSolution
		HideSolutionNode = FALSE
	EndGlobalSection
	GlobalSection(ExtensibilityGlobals) = postSolution
		SolutionGuid = {374E894F-DDCD-4321-B09F-E92F9EB3E6EF}
	EndGlobalSection
EndGlobal
